
Microsoft Visual Studio Solution File, Format Version 12.00
# Visual Studio Version 16
VisualStudioVersion = 16.0.30503.244
MinimumVisualStudioVersion = 10.0.40219.1
Project("{FAE04EC0-301F-11D3-BF4B-00C04F79EFBC}") = "20200901 Ejercicio", "20200901 Ejercicio\20200901 Ejercicio.csproj", "{77042C78-8DCF-4382-B453-4E82E334085D}"
EndProject
Global
	GlobalSection(SolutionConfigurationPlatforms) = preSolution
		Debug|Any CPU = Debug|Any CPU
		Release|Any CPU = Release|Any CPU
	EndGlobalSection
	GlobalSection(ProjectConfigurationPlatforms) = postSolution
		{77042C78-8DCF-4382-B453-4E82E334085D}.Debug|Any CPU.ActiveCfg = Debug|Any CPU
		{77042C78-8DCF-4382-B453-4E82E334085D}.Debug|Any CPU.Build.0 = Debug|Any CPU
		{77042C78-8DCF-4382-B453-4E82E334085D}.Release|Any CPU.ActiveCfg = Release|Any CPU
		{77042C78-8DCF-4382-B453-4E82E334085D}.Release|Any CPU.Build.0 = Release|Any CPU
	EndGlobalSection
	GlobalSection(SolutionProperties) = preSolution
		HideSolutionNode = FALSE
	EndGlobalSection
	GlobalSection(ExtensibilityGlobals) = postSolution
		SolutionGuid = {B7F2AFB7-C477-4595-B16F-3673C9579D65}
	EndGlobalSection
EndGlobal
