
Microsoft Visual Studio Solution File, Format Version 12.00
# Visual Studio Version 16
VisualStudioVersion = 16.0.30413.136
MinimumVisualStudioVersion = 10.0.40219.1
Project("{FAE04EC0-301F-11D3-BF4B-00C04F79EFBC}") = "20200825", "20200825\20200825.csproj", "{EE283FB9-DF6F-47DB-8D69-981797676756}"
EndProject
Global
	GlobalSection(SolutionConfigurationPlatforms) = preSolution
		Debug|Any CPU = Debug|Any CPU
		Release|Any CPU = Release|Any CPU
	EndGlobalSection
	GlobalSection(ProjectConfigurationPlatforms) = postSolution
		{EE283FB9-DF6F-47DB-8D69-981797676756}.Debug|Any CPU.ActiveCfg = Debug|Any CPU
		{EE283FB9-DF6F-47DB-8D69-981797676756}.Debug|Any CPU.Build.0 = Debug|Any CPU
		{EE283FB9-DF6F-47DB-8D69-981797676756}.Release|Any CPU.ActiveCfg = Release|Any CPU
		{EE283FB9-DF6F-47DB-8D69-981797676756}.Release|Any CPU.Build.0 = Release|Any CPU
	EndGlobalSection
	GlobalSection(SolutionProperties) = preSolution
		HideSolutionNode = FALSE
	EndGlobalSection
	GlobalSection(ExtensibilityGlobals) = postSolution
		SolutionGuid = {A2639D81-291B-4145-8A62-395A1D66C338}
	EndGlobalSection
EndGlobal
