
Microsoft Visual Studio Solution File, Format Version 12.00
# Visual Studio Version 16
VisualStudioVersion = 16.0.30503.244
MinimumVisualStudioVersion = 10.0.40219.1
Project("{FAE04EC0-301F-11D3-BF4B-00C04F79EFBC}") = "20200922", "20200922\20200922.csproj", "{CC83F93C-10FA-4798-9C9F-965583BFD8A4}"
EndProject
Global
	GlobalSection(SolutionConfigurationPlatforms) = preSolution
		Debug|Any CPU = Debug|Any CPU
		Release|Any CPU = Release|Any CPU
	EndGlobalSection
	GlobalSection(ProjectConfigurationPlatforms) = postSolution
		{CC83F93C-10FA-4798-9C9F-965583BFD8A4}.Debug|Any CPU.ActiveCfg = Debug|Any CPU
		{CC83F93C-10FA-4798-9C9F-965583BFD8A4}.Debug|Any CPU.Build.0 = Debug|Any CPU
		{CC83F93C-10FA-4798-9C9F-965583BFD8A4}.Release|Any CPU.ActiveCfg = Release|Any CPU
		{CC83F93C-10FA-4798-9C9F-965583BFD8A4}.Release|Any CPU.Build.0 = Release|Any CPU
	EndGlobalSection
	GlobalSection(SolutionProperties) = preSolution
		HideSolutionNode = FALSE
	EndGlobalSection
	GlobalSection(ExtensibilityGlobals) = postSolution
		SolutionGuid = {FF0B59BD-9752-4A37-B66B-46890CF3094C}
	EndGlobalSection
EndGlobal
